{
  "name": "hm_shop",
  "version": "1.0.0",
  "lockfileVersion": 2,
  "requires": true,
  "packages": {
    "": {
      "name": "hm_shop",
      "version": "1.0.0",
      "license": "ISC",
      "dependencies": {
        "default-passive-events": "^2.0.0",
        "pinia": "^2.0.23",
        "typescript": "^4.8.4"
      }
    },
    "node_modules/@vue/devtools-api": {
      "version": "6.4.5",
      "resolved": "https://registry.npmmirror.com/@vue/devtools-api/-/devtools-api-6.4.5.tgz",
      "integrity": "sha512-JD5fcdIuFxU4fQyXUu3w2KpAJHzTVdN+p4iOX2lMWSHMOoQdMAcpFLZzm9Z/2nmsoZ1a96QEhZ26e50xLBsgOQ=="
    },
    "node_modules/default-passive-events": {
      "version": "2.0.0",
      "resolved": "https://registry.npmmirror.com/default-passive-events/-/default-passive-events-2.0.0.tgz",
      "integrity": "sha512-eMtt76GpDVngZQ3ocgvRcNCklUMwID1PaNbCNxfpDXuiOXttSh0HzBbda1HU9SIUsDc02vb7g9+3I5tlqe/qMQ=="
    },
    "node_modules/pinia": {
      "version": "2.0.23",
      "resolved": "https://registry.npmmirror.com/pinia/-/pinia-2.0.23.tgz",
      "integrity": "sha512-N15hFf4o5STrxpNrib1IEb1GOArvPYf1zPvQVRGOO1G1d74Ak0J0lVyalX/SmrzdT4Q0nlEFjbURsmBmIGUR5Q==",
      "dependencies": {
        "@vue/devtools-api": "^6.4.4",
        "vue-demi": "*"
      },
      "peerDependencies": {
        "@vue/composition-api": "^1.4.0",
        "typescript": ">=4.4.4",
        "vue": "^2.6.14 || ^3.2.0"
      },
      "peerDependenciesMeta": {
        "@vue/composition-api": {
          "optional": true
        },
        "typescript": {
          "optional": true
        }
      }
    },
    "node_modules/typescript": {
      "version": "4.8.4",
      "resolved": "https://registry.npmmirror.com/typescript/-/typescript-4.8.4.tgz",
      "integrity": "sha512-QCh+85mCy+h0IGff8r5XWzOVSbBO+KfeYrMQh7NJ58QujwcE22u+NUSmUxqF+un70P9GXKxa2HCNiTTMJknyjQ==",
      "bin": {
        "tsc": "bin/tsc",
        "tsserver": "bin/tsserver"
      },
      "engines": {
        "node": ">=4.2.0"
      }
    },
    "node_modules/vue": {
      "version": "2.6.14",
      "resolved": "https://registry.npmmirror.com/vue/-/vue-2.6.14.tgz",
      "integrity": "sha512-x2284lgYvjOMj3Za7kqzRcUSxBboHqtgRE2zlos1qWaOye5yUmHn42LB1250NJBLRwEcdrB0JRwyPTEPhfQjiQ==",
      "peer": true
    },
    "node_modules/vue-demi": {
      "version": "0.13.11",
      "resolved": "https://registry.npmmirror.com/vue-demi/-/vue-demi-0.13.11.tgz",
      "integrity": "sha512-IR8HoEEGM65YY3ZJYAjMlKygDQn25D5ajNFNoKh9RSDMQtlzCxtfQjdQgv9jjK+m3377SsJXY8ysq8kLCZL25A==",
      "hasInstallScript": true,
      "bin": {
        "vue-demi-fix": "bin/vue-demi-fix.js",
        "vue-demi-switch": "bin/vue-demi-switch.js"
      },
      "engines": {
        "node": ">=12"
      },
      "peerDependencies": {
        "@vue/composition-api": "^1.0.0-rc.1",
        "vue": "^3.0.0-0 || ^2.6.0"
      },
      "peerDependenciesMeta": {
        "@vue/composition-api": {
          "optional": true
        }
      }
    }
  },
  "dependencies": {
    "@vue/devtools-api": {
      "version": "6.4.5",
      "resolved": "https://registry.npmmirror.com/@vue/devtools-api/-/devtools-api-6.4.5.tgz",
      "integrity": "sha512-JD5fcdIuFxU4fQyXUu3w2KpAJHzTVdN+p4iOX2lMWSHMOoQdMAcpFLZzm9Z/2nmsoZ1a96QEhZ26e50xLBsgOQ=="
    },
    "default-passive-events": {
      "version": "2.0.0",
      "resolved": "https://registry.npmmirror.com/default-passive-events/-/default-passive-events-2.0.0.tgz",
      "integrity": "sha512-eMtt76GpDVngZQ3ocgvRcNCklUMwID1PaNbCNxfpDXuiOXttSh0HzBbda1HU9SIUsDc02vb7g9+3I5tlqe/qMQ=="
    },
    "pinia": {
      "version": "2.0.23",
      "resolved": "https://registry.npmmirror.com/pinia/-/pinia-2.0.23.tgz",
      "integrity": "sha512-N15hFf4o5STrxpNrib1IEb1GOArvPYf1zPvQVRGOO1G1d74Ak0J0lVyalX/SmrzdT4Q0nlEFjbURsmBmIGUR5Q==",
      "requires": {
        "@vue/devtools-api": "^6.4.4",
        "vue-demi": "*"
      }
    },
    "typescript": {
      "version": "4.8.4",
      "resolved": "https://registry.npmmirror.com/typescript/-/typescript-4.8.4.tgz",
      "integrity": "sha512-QCh+85mCy+h0IGff8r5XWzOVSbBO+KfeYrMQh7NJ58QujwcE22u+NUSmUxqF+un70P9GXKxa2HCNiTTMJknyjQ=="
    },
    "vue": {
      "version": "2.6.14",
      "resolved": "https://registry.npmmirror.com/vue/-/vue-2.6.14.tgz",
      "integrity": "sha512-x2284lgYvjOMj3Za7kqzRcUSxBboHqtgRE2zlos1qWaOye5yUmHn42LB1250NJBLRwEcdrB0JRwyPTEPhfQjiQ==",
      "peer": true
    },
    "vue-demi": {
      "version": "0.13.11",
      "resolved": "https://registry.npmmirror.com/vue-demi/-/vue-demi-0.13.11.tgz",
      "integrity": "sha512-IR8HoEEGM65YY3ZJYAjMlKygDQn25D5ajNFNoKh9RSDMQtlzCxtfQjdQgv9jjK+m3377SsJXY8ysq8kLCZL25A==",
      "requires": {}
    }
  }
}
